
Microsoft Visual Studio Solution File, Format Version 11.00
# Visual Studio 2010
Project("{FAE04EC0-301F-11D3-BF4B-00C04F79EFBC}") = "CLAssistant", "CLAssistant\CLAssistant.csproj", "{040C9995-9988-4E49-AB20-57AD596D3795}"
EndProject
Global
	GlobalSection(SubversionScc) = preSolution
		Svn-Managed = True
		Manager = AnkhSVN - Subversion Support for Visual Studio
	EndGlobalSection
	GlobalSection(SolutionConfigurationPlatforms) = preSolution
		Debug|x86 = Debug|x86
		Release|x86 = Release|x86
	EndGlobalSection
	GlobalSection(ProjectConfigurationPlatforms) = postSolution
		{040C9995-9988-4E49-AB20-57AD596D3795}.Debug|x86.ActiveCfg = Debug|x86
		{040C9995-9988-4E49-AB20-57AD596D3795}.Debug|x86.Build.0 = Debug|x86
		{040C9995-9988-4E49-AB20-57AD596D3795}.Release|x86.ActiveCfg = Release|x86
		{040C9995-9988-4E49-AB20-57AD596D3795}.Release|x86.Build.0 = Release|x86
	EndGlobalSection
	GlobalSection(SolutionProperties) = preSolution
		HideSolutionNode = FALSE
	EndGlobalSection
EndGlobal
